// !$*UTF8*$!
{
	archiveVersion = 1;
	classes = {
	};
	objectVersion = 46;
	objects = {

/* Begin PBXBuildFile section */
		0FD5317A1C8E342B00C4657A /* AppDelegate.swift in Sources */ = {isa = PBXBuildFile; fileRef = 0FD531791C8E342B00C4657A /* AppDelegate.swift */; };
		0FD5317C1C8E342B00C4657A /* ViewController.swift in Sources */ = {isa = PBXBuildFile; fileRef = 0FD5317B1C8E342B00C4657A /* ViewController.swift */; };
		0FD5317F1C8E342B00C4657A /* Main.storyboard in Resources */ = {isa = PBXBuildFile; fileRef = 0FD5317D1C8E342B00C4657A /* Main.storyboard */; };
		0FD531811C8E342B00C4657A /* Assets.xcassets in Resources */ = {isa = PBXBuildFile; fileRef = 0FD531801C8E342B00C4657A /* Assets.xcassets */; };
		0FD531841C8E342B00C4657A /* LaunchScreen.storyboard in Resources */ = {isa = PBXBuildFile; fileRef = 0FD531821C8E342B00C4657A /* LaunchScreen.storyboard */; };
		0FD5318F1C8E342B00C4657A /* FontsTests.swift in Sources */ = {isa = PBXBuildFile; fileRef = 0FD5318E1C8E342B00C4657A /* FontsTests.swift */; };
		0FD5319A1C8E342B00C4657A /* FontsUITests.swift in Sources */ = {isa = PBXBuildFile; fileRef = 0FD531991C8E342B00C4657A /* FontsUITests.swift */; };
/* End PBXBuildFile section */

/* Begin PBXContainerItemProxy section */
		0FD5318B1C8E342B00C4657A /* PBXContainerItemProxy */ = {
			isa = PBXContainerItemProxy;
			containerPortal = 0FD5316E1C8E342B00C4657A /* Project object */;
			proxyType = 1;
			remoteGlobalIDString = 0FD531751C8E342B00C4657A;
			remoteInfo = Fonts;
		};
		0FD531961C8E342B00C4657A /* PBXContainerItemProxy */ = {
			isa = PBXContainerItemProxy;
			containerPortal = 0FD5316E1C8E342B00C4657A /* Project object */;
			proxyType = 1;
			remoteGlobalIDString = 0FD531751C8E342B00C4657A;
			remoteInfo = Fonts;
		};
/* End PBXContainerItemProxy section */

/* Begin PBXFileReference section */
		0FD531761C8E342B00C4657A /* Fonts.app */ = {isa = PBXFileReference; explicitFileType = wrapper.application; includeInIndex = 0; path = Fonts.app; sourceTree = BUILT_PRODUCTS_DIR; };
		0FD531791C8E342B00C4657A /* AppDelegate.swift */ = {isa = PBXFileReference; lastKnownFileType = sourcecode.swift; path = AppDelegate.swift; sourceTree = "<group>"; };
		0FD5317B1C8E342B00C4657A /* ViewController.swift */ = {isa = PBXFileReference; lastKnownFileType = sourcecode.swift; path = ViewController.swift; sourceTree = "<group>"; };
		0FD5317E1C8E342B00C4657A /* Base */ = {isa = PBXFileReference; lastKnownFileType = file.storyboard; name = Base; path = Base.lproj/Main.storyboard; sourceTree = "<group>"; };
		0FD531801C8E342B00C4657A /* Assets.xcassets */ = {isa = PBXFileReference; lastKnownFileType = folder.assetcatalog; path = Assets.xcassets; sourceTree = "<group>"; };
		0FD531831C8E342B00C4657A /* Base */ = {isa = PBXFileReference; lastKnownFileType = file.storyboard; name = Base; path = Base.lproj/LaunchScreen.storyboard; sourceTree = "<group>"; };
		0FD531851C8E342B00C4657A /* Info.plist */ = {isa = PBXFileReference; lastKnownFileType = text.plist.xml; path = Info.plist; sourceTree = "<group>"; };
		0FD5318A1C8E342B00C4657A /* FontsTests.xctest */ = {isa = PBXFileReference; explicitFileType = wrapper.cfbundle; includeInIndex = 0; path = FontsTests.xctest; sourceTree = BUILT_PRODUCTS_DIR; };
		0FD5318E1C8E342B00C4657A /* FontsTests.swift */ = {isa = PBXFileReference; lastKnownFileType = sourcecode.swift; path = FontsTests.swift; sourceTree = "<group>"; };
		0FD531901C8E342B00C4657A /* Info.plist */ = {isa = PBXFileReference; lastKnownFileType = text.plist.xml; path = Info.plist; sourceTree = "<group>"; };
		0FD531951C8E342B00C4657A /* FontsUITests.xctest */ = {isa = PBXFileReference; explicitFileType = wrapper.cfbundle; includeInIndex = 0; path = FontsUITests.xctest; sourceTree = BUILT_PRODUCTS_DIR; };
		0FD531991C8E342B00C4657A /* FontsUITests.swift */ = {isa = PBXFileReference; lastKnownFileType = sourcecode.swift; path = FontsUITests.swift; sourceTree = "<group>"; };
		0FD5319B1C8E342B00C4657A /* Info.plist */ = {isa = PBXFileReference; lastKnownFileType = text.plist.xml; path = Info.plist; sourceTree = "<group>"; };
/* End PBXFileReference section */

/* Begin PBXFrameworksBuildPhase section */
		0FD531731C8E342B00C4657A /* Frameworks */ = {
			isa = PBXFrameworksBuildPhase;
			buildActionMask = 2147483647;
			files = (
			);
			runOnlyForDeploymentPostprocessing = 0;
		};
		0FD531871C8E342B00C4657A /* Frameworks */ = {
			isa = PBXFrameworksBuildPhase;
			buildActionMask = 2147483647;
			files = (
			);
			runOnlyForDeploymentPostprocessing = 0;
		};
		0FD531921C8E342B00C4657A /* Frameworks */ = {
			isa = PBXFrameworksBuildPhase;
			buildActionMask = 2147483647;
			files = (
			);
			runOnlyForDeploymentPostprocessing = 0;
		};
/* End PBXFrameworksBuildPhase section */

/* Begin PBXGroup section */
		0FD5316D1C8E342B00C4657A = {
			isa = PBXGroup;
			children = (
				0FD531781C8E342B00C4657A /* Fonts */,
				0FD5318D1C8E342B00C4657A /* FontsTests */,
				0FD531981C8E342B00C4657A /* FontsUITests */,
				0FD531771C8E342B00C4657A /* Products */,
			);
			sourceTree = "<group>";
		};
		0FD531771C8E342B00C4657A /* Products */ = {
			isa = PBXGroup;
			children = (
				0FD531761C8E342B00C4657A /* Fonts.app */,
				0FD5318A1C8E342B00C4657A /* FontsTests.xctest */,
				0FD531951C8E342B00C4657A /* FontsUITests.xctest */,
			);
			name = Products;
			sourceTree = "<group>";
		};
		0FD531781C8E342B00C4657A /* Fonts */ = {
			isa = PBXGroup;
			children = (
				0FD531791C8E342B00C4657A /* AppDelegate.swift */,
				0FD5317B1C8E342B00C4657A /* ViewController.swift */,
				0FD5317D1C8E342B00C4657A /* Main.storyboard */,
				0FD531801C8E342B00C4657A /* Assets.xcassets */,
				0FD531821C8E342B00C4657A /* LaunchScreen.storyboard */,
				0FD531851C8E342B00C4657A /* Info.plist */,
			);
			path = Fonts;
			sourceTree = "<group>";
		};
		0FD5318D1C8E342B00C4657A /* FontsTests */ = {
			isa = PBXGroup;
			children = (
				0FD5318E1C8E342B00C4657A /* FontsTests.swift */,
				0FD531901C8E342B00C4657A /* Info.plist */,
			);
			path = FontsTests;
			sourceTree = "<group>";
		};
		0FD531981C8E342B00C4657A /* FontsUITests */ = {
			isa = PBXGroup;
			children = (
				0FD531991C8E342B00C4657A /* FontsUITests.swift */,
				0FD5319B1C8E342B00C4657A /* Info.plist */,
			);
			path = FontsUITests;
			sourceTree = "<group>";
		};
/* End PBXGroup section */

/* Begin PBXNativeTarget section */
		0FD531751C8E342B00C4657A /* Fonts */ = {
			isa = PBXNativeTarget;
			buildConfigurationList = 0FD5319E1C8E342B00C4657A /* Build configuration list for PBXNativeTarget "Fonts" */;
			buildPhases = (
				0FD531721C8E342B00C4657A /* Sources */,
				0FD531731C8E342B00C4657A /* Frameworks */,
				0FD531741C8E342B00C4657A /* Resources */,
			);
			buildRules = (
			);
			dependencies = (
			);
			name = Fonts;
			productName = Fonts;
			productReference = 0FD531761C8E342B00C4657A /* Fonts.app */;
			productType = "com.apple.product-type.application";
		};
		0FD531891C8E342B00C4657A /* FontsTests */ = {
			isa = PBXNativeTarget;
			buildConfigurationList = 0FD531A11C8E342B00C4657A /* Build configuration list for PBXNativeTarget "FontsTests" */;
			buildPhases = (
				0FD531861C8E342B00C4657A /* Sources */,
				0FD531871C8E342B00C4657A /* Frameworks */,
				0FD531881C8E342B00C4657A /* Resources */,
			);
			buildRules = (
			);
			dependencies = (
				0FD5318C1C8E342B00C4657A /* PBXTargetDependency */,
			);
			name = FontsTests;
			productName = FontsTests;
			productReference = 0FD5318A1C8E342B00C4657A /* FontsTests.xctest */;
			productType = "com.apple.product-type.bundle.unit-test";
		};
		0FD531941C8E342B00C4657A /* FontsUITests */ = {
			isa = PBXNativeTarget;
			buildConfigurationList = 0FD531A41C8E342B00C4657A /* Build configuration list for PBXNativeTarget "FontsUITests" */;
			buildPhases = (
				0FD531911C8E342B00C4657A /* Sources */,
				0FD531921C8E342B00C4657A /* Frameworks */,
				0FD531931C8E342B00C4657A /* Resources */,
			);
			buildRules = (
			);
			dependencies = (
				0FD531971C8E342B00C4657A /* PBXTargetDependency */,
			);
			name = FontsUITests;
			productName = FontsUITests;
			productReference = 0FD531951C8E342B00C4657A /* FontsUITests.xctest */;
			productType = "com.apple.product-type.bundle.ui-testing";
		};
/* End PBXNativeTarget section */

/* Begin PBXProject section */
		0FD5316E1C8E342B00C4657A /* Project object */ = {
			isa = PBXProject;
			attributes = {
				LastSwiftUpdateCheck = 0720;
				LastUpgradeCheck = 0720;
				ORGANIZATIONNAME = "Weber Solutions";
				TargetAttributes = {
					0FD531751C8E342B00C4657A = {
						CreatedOnToolsVersion = 7.2;
						DevelopmentTeam = 2RY89Q7RCD;
					};
					0FD531891C8E342B00C4657A = {
						CreatedOnToolsVersion = 7.2;
						DevelopmentTeam = 2RY89Q7RCD;
						TestTargetID = 0FD531751C8E342B00C4657A;
					};
					0FD531941C8E342B00C4657A = {
						CreatedOnToolsVersion = 7.2;
						DevelopmentTeam = 2RY89Q7RCD;
						TestTargetID = 0FD531751C8E342B00C4657A;
					};
				};
			};
			buildConfigurationList = 0FD531711C8E342B00C4657A /* Build configuration list for PBXProject "Fonts" */;
			compatibilityVersion = "Xcode 3.2";
			developmentRegion = English;
			hasScannedForEncodings = 0;
			knownRegions = (
				en,
				Base,
			);
			mainGroup = 0FD5316D1C8E342B00C4657A;
			productRefGroup = 0FD531771C8E342B00C4657A /* Products */;
			projectDirPath = "";
			projectRoot = "";
			targets = (
				0FD531751C8E342B00C4657A /* Fonts */,
				0FD531891C8E342B00C4657A /* FontsTests */,
				0FD531941C8E342B00C4657A /* FontsUITests */,
			);
		};
/* End PBXProject section */

/* Begin PBXResourcesBuildPhase section */
		0FD531741C8E342B00C4657A /* Resources */ = {
			isa = PBXResourcesBuildPhase;
			buildActionMask = 2147483647;
			files = (
				0FD531841C8E342B00C4657A /* LaunchScreen.storyboard in Resources */,
				0FD531811C8E342B00C4657A /* Assets.xcassets in Resources */,
				0FD5317F1C8E342B00C4657A /* Main.storyboard in Resources */,
			);
			runOnlyForDeploymentPostprocessing = 0;
		};
		0FD531881C8E342B00C4657A /* Resources */ = {
			isa = PBXResourcesBuildPhase;
			buildActionMask = 2147483647;
			files = (
			);
			runOnlyForDeploymentPostprocessing = 0;
		};
		0FD531931C8E342B00C4657A /* Resources */ = {
			isa = PBXResourcesBuildPhase;
			buildActionMask = 2147483647;
			files = (
			);
			runOnlyForDeploymentPostprocessing = 0;
		};
/* End PBXResourcesBuildPhase section */

/* Begin PBXSourcesBuildPhase section */
		0FD531721C8E342B00C4657A /* Sources */ = {
			isa = PBXSourcesBuildPhase;
			buildActionMask = 2147483647;
			files = (
				0FD5317C1C8E342B00C4657A /* ViewController.swift in Sources */,
				0FD5317A1C8E342B00C4657A /* AppDelegate.swift in Sources */,
			);
			runOnlyForDeploymentPostprocessing = 0;
		};
		0FD531861C8E342B00C4657A /* Sources */ = {
			isa = PBXSourcesBuildPhase;
			buildActionMask = 2147483647;
			files = (
				0FD5318F1C8E342B00C4657A /* FontsTests.swift in Sources */,
			);
			runOnlyForDeploymentPostprocessing = 0;
		};
		0FD531911C8E342B00C4657A /* Sources */ = {
			isa = PBXSourcesBuildPhase;
			buildActionMask = 2147483647;
			files = (
				0FD5319A1C8E342B00C4657A /* FontsUITests.swift in Sources */,
			);
			runOnlyForDeploymentPostprocessing = 0;
		};
/* End PBXSourcesBuildPhase section */

/* Begin PBXTargetDependency section */
		0FD5318C1C8E342B00C4657A /* PBXTargetDependency */ = {
			isa = PBXTargetDependency;
			target = 0FD531751C8E342B00C4657A /* Fonts */;
			targetProxy = 0FD5318B1C8E342B00C4657A /* PBXContainerItemProxy */;
		};
		0FD531971C8E342B00C4657A /* PBXTargetDependency */ = {
			isa = PBXTargetDependency;
			target = 0FD531751C8E342B00C4657A /* Fonts */;
			targetProxy = 0FD531961C8E342B00C4657A /* PBXContainerItemProxy */;
		};
/* End PBXTargetDependency section */

/* Begin PBXVariantGroup section */
		0FD5317D1C8E342B00C4657A /* Main.storyboard */ = {
			isa = PBXVariantGroup;
			children = (
				0FD5317E1C8E342B00C4657A /* Base */,
			);
			name = Main.storyboard;
			sourceTree = "<group>";
		};
		0FD531821C8E342B00C4657A /* LaunchScreen.storyboard */ = {
			isa = PBXVariantGroup;
			children = (
				0FD531831C8E342B00C4657A /* Base */,
			);
			name = LaunchScreen.storyboard;
			sourceTree = "<group>";
		};
/* End PBXVariantGroup section */

/* Begin XCBuildConfiguration section */
		0FD5319C1C8E342B00C4657A /* Debug */ = {
			isa = XCBuildConfiguration;
			buildSettings = {
				ALWAYS_SEARCH_USER_PATHS = NO;
				CLANG_CXX_LANGUAGE_STANDARD = "gnu++0x";
				CLANG_CXX_LIBRARY = "libc++";
				CLANG_ENABLE_MODULES = YES;
				CLANG_ENABLE_OBJC_ARC = YES;
				CLANG_WARN_BOOL_CONVERSION = YES;
				CLANG_WARN_CONSTANT_CONVERSION = YES;
				CLANG_WARN_DIRECT_OBJC_ISA_USAGE = YES_ERROR;
				CLANG_WARN_EMPTY_BODY = YES;
				CLANG_WARN_ENUM_CONVERSION = YES;
				CLANG_WARN_INT_CONVERSION = YES;
				CLANG_WARN_OBJC_ROOT_CLASS = YES_ERROR;
				CLANG_WARN_UNREACHABLE_CODE = YES;
				CLANG_WARN__DUPLICATE_METHOD_MATCH = YES;
				"CODE_SIGN_IDENTITY[sdk=iphoneos*]" = "iPhone Developer";
				COPY_PHASE_STRIP = NO;
				DEBUG_INFORMATION_FORMAT = dwarf;
				ENABLE_STRICT_OBJC_MSGSEND = YES;
				ENABLE_TESTABILITY = YES;
				GCC_C_LANGUAGE_STANDARD = gnu99;
				GCC_DYNAMIC_NO_PIC = NO;
				GCC_NO_COMMON_BLOCKS = YES;
				GCC_OPTIMIZATION_LEVEL = 0;
				GCC_PREPROCESSOR_DEFINITIONS = (
					"DEBUG=1",
					"$(inherited)",
				);
				GCC_WARN_64_TO_32_BIT_CONVERSION = YES;
				GCC_WARN_ABOUT_RETURN_TYPE = YES_ERROR;
				GCC_WARN_UNDECLARED_SELECTOR = YES;
				GCC_WARN_UNINITIALIZED_AUTOS = YES_AGGRESSIVE;
				GCC_WARN_UNUSED_FUNCTION = YES;
				GCC_WARN_UNUSED_VARIABLE = YES;
				IPHONEOS_DEPLOYMENT_TARGET = 9.2;
				MTL_ENABLE_DEBUG_INFO = YES;
				ONLY_ACTIVE_ARCH = YES;
				SDKROOT = iphoneos;
				SWIFT_OPTIMIZATION_LEVEL = "-Onone";
			};
			name = Debug;
		};
		0FD5319D1C8E342B00C4657A /* Release */ = {
			isa = XCBuildConfiguration;
			buildSettings = {
				ALWAYS_SEARCH_USER_PATHS = NO;
				CLANG_CXX_LANGUAGE_STANDARD = "gnu++0x";
				CLANG_CXX_LIBRARY = "libc++";
				CLANG_ENABLE_MODULES = YES;
				CLANG_ENABLE_OBJC_ARC = YES;
				CLANG_WARN_BOOL_CONVERSION = YES;
				CLANG_WARN_CONSTANT_CONVERSION = YES;
				CLANG_WARN_DIRECT_OBJC_ISA_USAGE = YES_ERROR;
				CLANG_WARN_EMPTY_BODY = YES;
				CLANG_WARN_ENUM_CONVERSION = YES;
				CLANG_WARN_INT_CONVERSION = YES;
				CLANG_WARN_OBJC_ROOT_CLASS = YES_ERROR;
				CLANG_WARN_UNREACHABLE_CODE = YES;
				CLANG_WARN__DUPLICATE_METHOD_MATCH = YES;
				"CODE_SIGN_IDENTITY[sdk=iphoneos*]" = "iPhone Developer";
				COPY_PHASE_STRIP = NO;
				DEBUG_INFORMATION_FORMAT = "dwarf-with-dsym";
				ENABLE_NS_ASSERTIONS = NO;
				ENABLE_STRICT_OBJC_MSGSEND = YES;
				GCC_C_LANGUAGE_STANDARD = gnu99;
				GCC_NO_COMMON_BLOCKS = YES;
				GCC_WARN_64_TO_32_BIT_CONVERSION = YES;
				GCC_WARN_ABOUT_RETURN_TYPE = YES_ERROR;
				GCC_WARN_UNDECLARED_SELECTOR = YES;
				GCC_WARN_UNINITIALIZED_AUTOS = YES_AGGRESSIVE;
				GCC_WARN_UNUSED_FUNCTION = YES;
				GCC_WARN_UNUSED_VARIABLE = YES;
				IPHONEOS_DEPLOYMENT_TARGET = 9.2;
				MTL_ENABLE_DEBUG_INFO = NO;
				SDKROOT = iphoneos;
				VALIDATE_PRODUCT = YES;
			};
			name = Release;
		};
		0FD5319F1C8E342B00C4657A /* Debug */ = {
			isa = XCBuildConfiguration;
			buildSettings = {
				ASSETCATALOG_COMPILER_APPICON_NAME = AppIcon;
				INFOPLIST_FILE = Fonts/Info.plist;
				LD_RUNPATH_SEARCH_PATHS = "$(inherited) @executable_path/Frameworks";
				PRODUCT_BUNDLE_IDENTIFIER = com.WeberSolutions.Fonts;
				PRODUCT_NAME = "$(TARGET_NAME)";
			};
			name = Debug;
		};
		0FD531A01C8E342B00C4657A /* Release */ = {
			isa = XCBuildConfiguration;
			buildSettings = {
				ASSETCATALOG_COMPILER_APPICON_NAME = AppIcon;
				INFOPLIST_FILE = Fonts/Info.plist;
				LD_RUNPATH_SEARCH_PATHS = "$(inherited) @executable_path/Frameworks";
				PRODUCT_BUNDLE_IDENTIFIER = com.WeberSolutions.Fonts;
				PRODUCT_NAME = "$(TARGET_NAME)";
			};
			name = Release;
		};
		0FD531A21C8E342B00C4657A /* Debug */ = {
			isa = XCBuildConfiguration;
			buildSettings = {
				BUNDLE_LOADER = "$(TEST_HOST)";
				INFOPLIST_FILE = FontsTests/Info.plist;
				LD_RUNPATH_SEARCH_PATHS = "$(inherited) @executable_path/Frameworks @loader_path/Frameworks";
				PRODUCT_BUNDLE_IDENTIFIER = com.WeberSolutions.FontsTests;
				PRODUCT_NAME = "$(TARGET_NAME)";
				TEST_HOST = "$(BUILT_PRODUCTS_DIR)/Fonts.app/Fonts";
			};
			name = Debug;
		};
		0FD531A31C8E342B00C4657A /* Release */ = {
			isa = XCBuildConfiguration;
			buildSettings = {
				BUNDLE_LOADER = "$(TEST_HOST)";
				INFOPLIST_FILE = FontsTests/Info.plist;
				LD_RUNPATH_SEARCH_PATHS = "$(inherited) @executable_path/Frameworks @loader_path/Frameworks";
				PRODUCT_BUNDLE_IDENTIFIER = com.WeberSolutions.FontsTests;
				PRODUCT_NAME = "$(TARGET_NAME)";
				TEST_HOST = "$(BUILT_PRODUCTS_DIR)/Fonts.app/Fonts";
			};
			name = Release;
		};
		0FD531A51C8E342B00C4657A /* Debug */ = {
			isa = XCBuildConfiguration;
			buildSettings = {
				INFOPLIST_FILE = FontsUITests/Info.plist;
				LD_RUNPATH_SEARCH_PATHS = "$(inherited) @executable_path/Frameworks @loader_path/Frameworks";
				PRODUCT_BUNDLE_IDENTIFIER = com.WeberSolutions.FontsUITests;
				PRODUCT_NAME = "$(TARGET_NAME)";
				TEST_TARGET_NAME = Fonts;
				USES_XCTRUNNER = YES;
			};
			name = Debug;
		};
		0FD531A61C8E342B00C4657A /* Release */ = {
			isa = XCBuildConfiguration;
			buildSettings = {
				INFOPLIST_FILE = FontsUITests/Info.plist;
				LD_RUNPATH_SEARCH_PATHS = "$(inherited) @executable_path/Frameworks @loader_path/Frameworks";
				PRODUCT_BUNDLE_IDENTIFIER = com.WeberSolutions.FontsUITests;
				PRODUCT_NAME = "$(TARGET_NAME)";
				TEST_TARGET_NAME = Fonts;
				USES_XCTRUNNER = YES;
			};
			name = Release;
		};
/* End XCBuildConfiguration section */

/* Begin XCConfigurationList section */
		0FD531711C8E342B00C4657A /* Build configuration list for PBXProject "Fonts" */ = {
			isa = XCConfigurationList;
			buildConfigurations = (
				0FD5319C1C8E342B00C4657A /* Debug */,
				0FD5319D1C8E342B00C4657A /* Release */,
			);
			defaultConfigurationIsVisible = 0;
			defaultConfigurationName = Release;
		};
		0FD5319E1C8E342B00C4657A /* Build configuration list for PBXNativeTarget "Fonts" */ = {
			isa = XCConfigurationList;
			buildConfigurations = (
				0FD5319F1C8E342B00C4657A /* Debug */,
				0FD531A01C8E342B00C4657A /* Release */,
			);
			defaultConfigurationIsVisible = 0;
		};
		0FD531A11C8E342B00C4657A /* Build configuration list for PBXNativeTarget "FontsTests" */ = {
			isa = XCConfigurationList;
			buildConfigurations = (
				0FD531A21C8E342B00C4657A /* Debug */,
				0FD531A31C8E342B00C4657A /* Release */,
			);
			defaultConfigurationIsVisible = 0;
		};
		0FD531A41C8E342B00C4657A /* Build configuration list for PBXNativeTarget "FontsUITests" */ = {
			isa = XCConfigurationList;
			buildConfigurations = (
				0FD531A51C8E342B00C4657A /* Debug */,
				0FD531A61C8E342B00C4657A /* Release */,
			);
			defaultConfigurationIsVisible = 0;
		};
/* End XCConfigurationList section */
	};
	rootObject = 0FD5316E1C8E342B00C4657A /* Project object */;
}
